// !$*UTF8*$!
{
	archiveVersion = 1;
	classes = {
	};
	objectVersion = 50;
	objects = {

/* Begin PBXBuildFile section */
		8367E4520668AC1907FE3422 /* Pods_todo_app.framework in Frameworks */ = {isa = PBXBuildFile; fileRef = 34A073B3B7DD27FB162DF033 /* Pods_todo_app.framework */; };
		AE04A12622F581C400E3B6BB /* Constants.swift in Sources */ = {isa = PBXBuildFile; fileRef = AE04A12522F581C400E3B6BB /* Constants.swift */; };
		AE04A12B22F58EB600E3B6BB /* TaskViewController.swift in Sources */ = {isa = PBXBuildFile; fileRef = AE04A12A22F58EB600E3B6BB /* TaskViewController.swift */; };
		AE06195122F5EACD004285AE /* Task.swift in Sources */ = {isa = PBXBuildFile; fileRef = AE06195022F5EACD004285AE /* Task.swift */; };
		AE06195422F5ECD3004285AE /* TodoViewModel.swift in Sources */ = {isa = PBXBuildFile; fileRef = AE06195322F5ECD3004285AE /* TodoViewModel.swift */; };
		AE17194F22FFFAD300B3CB54 /* TaskListTest.swift in Sources */ = {isa = PBXBuildFile; fileRef = AE17194E22FFFAD300B3CB54 /* TaskListTest.swift */; };
		AE17195122FFFBAF00B3CB54 /* TaskListViewModel.swift in Sources */ = {isa = PBXBuildFile; fileRef = AE17195022FFFBAF00B3CB54 /* TaskListViewModel.swift */; };
		AE17195A230022FF00B3CB54 /* TodoViewModelTest.swift in Sources */ = {isa = PBXBuildFile; fileRef = AE171959230022FF00B3CB54 /* TodoViewModelTest.swift */; };
		AE7CE86522F326BE00C1EFE4 /* TaskViewCell.swift in Sources */ = {isa = PBXBuildFile; fileRef = AE7CE86422F326BE00C1EFE4 /* TaskViewCell.swift */; };
		AEB6C45922EF01B900107BEB /* AppDelegate.swift in Sources */ = {isa = PBXBuildFile; fileRef = AEB6C45822EF01B900107BEB /* AppDelegate.swift */; };
		AEB6C45B22EF01B900107BEB /* MainTabBarController.swift in Sources */ = {isa = PBXBuildFile; fileRef = AEB6C45A22EF01B900107BEB /* MainTabBarController.swift */; };
		AEB6C45E22EF01B900107BEB /* Main.storyboard in Resources */ = {isa = PBXBuildFile; fileRef = AEB6C45C22EF01B900107BEB /* Main.storyboard */; };
		AEB6C46022EF01BB00107BEB /* Assets.xcassets in Resources */ = {isa = PBXBuildFile; fileRef = AEB6C45F22EF01BB00107BEB /* Assets.xcassets */; };
		AEB6C46322EF01BB00107BEB /* LaunchScreen.storyboard in Resources */ = {isa = PBXBuildFile; fileRef = AEB6C46122EF01BB00107BEB /* LaunchScreen.storyboard */; };
		AEB6C46C22EF076100107BEB /* TodoViewController.swift in Sources */ = {isa = PBXBuildFile; fileRef = AEB6C46B22EF076100107BEB /* TodoViewController.swift */; };
		AEB6C46E22EF078E00107BEB /* DoneViewController.swift in Sources */ = {isa = PBXBuildFile; fileRef = AEB6C46D22EF078E00107BEB /* DoneViewController.swift */; };
/* End PBXBuildFile section */

/* Begin PBXContainerItemProxy section */
		AE43E40D22FB29C90073FD4E /* PBXContainerItemProxy */ = {
			isa = PBXContainerItemProxy;
			containerPortal = AEB6C44D22EF01B900107BEB /* Project object */;
			proxyType = 1;
			remoteGlobalIDString = AEB6C45422EF01B900107BEB;
			remoteInfo = "todo-app";
		};
/* End PBXContainerItemProxy section */

/* Begin PBXFileReference section */
		20D7E8D7962C35E0708083C1 /* Pods-todo-app.release.xcconfig */ = {isa = PBXFileReference; includeInIndex = 1; lastKnownFileType = text.xcconfig; name = "Pods-todo-app.release.xcconfig"; path = "Target Support Files/Pods-todo-app/Pods-todo-app.release.xcconfig"; sourceTree = "<group>"; };
		34A073B3B7DD27FB162DF033 /* Pods_todo_app.framework */ = {isa = PBXFileReference; explicitFileType = wrapper.framework; includeInIndex = 0; path = Pods_todo_app.framework; sourceTree = BUILT_PRODUCTS_DIR; };
		AE04A12522F581C400E3B6BB /* Constants.swift */ = {isa = PBXFileReference; lastKnownFileType = sourcecode.swift; path = Constants.swift; sourceTree = "<group>"; };
		AE04A12A22F58EB600E3B6BB /* TaskViewController.swift */ = {isa = PBXFileReference; lastKnownFileType = sourcecode.swift; path = TaskViewController.swift; sourceTree = "<group>"; };
		AE06195022F5EACD004285AE /* Task.swift */ = {isa = PBXFileReference; lastKnownFileType = sourcecode.swift; path = Task.swift; sourceTree = "<group>"; };
		AE06195322F5ECD3004285AE /* TodoViewModel.swift */ = {isa = PBXFileReference; lastKnownFileType = sourcecode.swift; path = TodoViewModel.swift; sourceTree = "<group>"; };
		AE17194E22FFFAD300B3CB54 /* TaskListTest.swift */ = {isa = PBXFileReference; lastKnownFileType = sourcecode.swift; path = TaskListTest.swift; sourceTree = "<group>"; };
		AE17195022FFFBAF00B3CB54 /* TaskListViewModel.swift */ = {isa = PBXFileReference; lastKnownFileType = sourcecode.swift; path = TaskListViewModel.swift; sourceTree = "<group>"; };
		AE171959230022FF00B3CB54 /* TodoViewModelTest.swift */ = {isa = PBXFileReference; lastKnownFileType = sourcecode.swift; path = TodoViewModelTest.swift; sourceTree = "<group>"; };
		AE43E40822FB29C90073FD4E /* todo-appTests.xctest */ = {isa = PBXFileReference; explicitFileType = wrapper.cfbundle; includeInIndex = 0; path = "todo-appTests.xctest"; sourceTree = BUILT_PRODUCTS_DIR; };
		AE43E40C22FB29C90073FD4E /* Info.plist */ = {isa = PBXFileReference; lastKnownFileType = text.plist.xml; path = Info.plist; sourceTree = "<group>"; };
		AE7CE86422F326BE00C1EFE4 /* TaskViewCell.swift */ = {isa = PBXFileReference; lastKnownFileType = sourcecode.swift; path = TaskViewCell.swift; sourceTree = "<group>"; };
		AEB6C45522EF01B900107BEB /* todo-app.app */ = {isa = PBXFileReference; explicitFileType = wrapper.application; includeInIndex = 0; path = "todo-app.app"; sourceTree = BUILT_PRODUCTS_DIR; };
		AEB6C45822EF01B900107BEB /* AppDelegate.swift */ = {isa = PBXFileReference; lastKnownFileType = sourcecode.swift; path = AppDelegate.swift; sourceTree = "<group>"; };
		AEB6C45A22EF01B900107BEB /* MainTabBarController.swift */ = {isa = PBXFileReference; lastKnownFileType = sourcecode.swift; path = MainTabBarController.swift; sourceTree = "<group>"; };
		AEB6C45D22EF01B900107BEB /* Base */ = {isa = PBXFileReference; lastKnownFileType = file.storyboard; name = Base; path = Base.lproj/Main.storyboard; sourceTree = "<group>"; };
		AEB6C45F22EF01BB00107BEB /* Assets.xcassets */ = {isa = PBXFileReference; lastKnownFileType = folder.assetcatalog; path = Assets.xcassets; sourceTree = "<group>"; };
		AEB6C46222EF01BB00107BEB /* Base */ = {isa = PBXFileReference; lastKnownFileType = file.storyboard; name = Base; path = Base.lproj/LaunchScreen.storyboard; sourceTree = "<group>"; };
		AEB6C46422EF01BB00107BEB /* Info.plist */ = {isa = PBXFileReference; lastKnownFileType = text.plist.xml; path = Info.plist; sourceTree = "<group>"; };
		AEB6C46B22EF076100107BEB /* TodoViewController.swift */ = {isa = PBXFileReference; lastKnownFileType = sourcecode.swift; path = TodoViewController.swift; sourceTree = "<group>"; };
		AEB6C46D22EF078E00107BEB /* DoneViewController.swift */ = {isa = PBXFileReference; lastKnownFileType = sourcecode.swift; path = DoneViewController.swift; sourceTree = "<group>"; };
		C8BA0A195D86B6109D73D867 /* Pods-todo-app.debug.xcconfig */ = {isa = PBXFileReference; includeInIndex = 1; lastKnownFileType = text.xcconfig; name = "Pods-todo-app.debug.xcconfig"; path = "Target Support Files/Pods-todo-app/Pods-todo-app.debug.xcconfig"; sourceTree = "<group>"; };
/* End PBXFileReference section */

/* Begin PBXFrameworksBuildPhase section */
		AE43E40522FB29C90073FD4E /* Frameworks */ = {
			isa = PBXFrameworksBuildPhase;
			buildActionMask = 2147483647;
			files = (
			);
			runOnlyForDeploymentPostprocessing = 0;
		};
		AEB6C45222EF01B900107BEB /* Frameworks */ = {
			isa = PBXFrameworksBuildPhase;
			buildActionMask = 2147483647;
			files = (
				8367E4520668AC1907FE3422 /* Pods_todo_app.framework in Frameworks */,
			);
			runOnlyForDeploymentPostprocessing = 0;
		};
/* End PBXFrameworksBuildPhase section */

/* Begin PBXGroup section */
		93D25B6DA544D01F2F2D30E3 /* Pods */ = {
			isa = PBXGroup;
			children = (
				C8BA0A195D86B6109D73D867 /* Pods-todo-app.debug.xcconfig */,
				20D7E8D7962C35E0708083C1 /* Pods-todo-app.release.xcconfig */,
			);
			path = Pods;
			sourceTree = "<group>";
		};
		AE04A12422F581AC00E3B6BB /* Utilities */ = {
			isa = PBXGroup;
			children = (
				AE04A12522F581C400E3B6BB /* Constants.swift */,
			);
			path = Utilities;
			sourceTree = "<group>";
		};
		AE04A12722F5897000E3B6BB /* Service */ = {
			isa = PBXGroup;
			children = (
			);
			path = Service;
			sourceTree = "<group>";
		};
		AE06194F22F5EAB7004285AE /* Model */ = {
			isa = PBXGroup;
			children = (
				AE06195022F5EACD004285AE /* Task.swift */,
			);
			path = Model;
			sourceTree = "<group>";
		};
		AE06195222F5ECC2004285AE /* ViewModel */ = {
			isa = PBXGroup;
			children = (
				AE06195322F5ECD3004285AE /* TodoViewModel.swift */,
				AE17195022FFFBAF00B3CB54 /* TaskListViewModel.swift */,
			);
			path = ViewModel;
			sourceTree = "<group>";
		};
		AE43E40922FB29C90073FD4E /* todo-appTests */ = {
			isa = PBXGroup;
			children = (
				AE43E40C22FB29C90073FD4E /* Info.plist */,
				AE17194E22FFFAD300B3CB54 /* TaskListTest.swift */,
				AE171959230022FF00B3CB54 /* TodoViewModelTest.swift */,
			);
			path = "todo-appTests";
			sourceTree = "<group>";
		};
		AEB6C44C22EF01B900107BEB = {
			isa = PBXGroup;
			children = (
				AEB6C45722EF01B900107BEB /* todo-app */,
				AE43E40922FB29C90073FD4E /* todo-appTests */,
				AEB6C45622EF01B900107BEB /* Products */,
				93D25B6DA544D01F2F2D30E3 /* Pods */,
				F771AA18AD78A27FB9A4E69B /* Frameworks */,
			);
			sourceTree = "<group>";
		};
		AEB6C45622EF01B900107BEB /* Products */ = {
			isa = PBXGroup;
			children = (
				AEB6C45522EF01B900107BEB /* todo-app.app */,
				AE43E40822FB29C90073FD4E /* todo-appTests.xctest */,
			);
			name = Products;
			sourceTree = "<group>";
		};
		AEB6C45722EF01B900107BEB /* todo-app */ = {
			isa = PBXGroup;
			children = (
				AE06195222F5ECC2004285AE /* ViewModel */,
				AE06194F22F5EAB7004285AE /* Model */,
				AE04A12722F5897000E3B6BB /* Service */,
				AE04A12422F581AC00E3B6BB /* Utilities */,
				AEB6C46A22EF073B00107BEB /* View */,
				AEB6C45822EF01B900107BEB /* AppDelegate.swift */,
				AEB6C45C22EF01B900107BEB /* Main.storyboard */,
				AEB6C45F22EF01BB00107BEB /* Assets.xcassets */,
				AEB6C46122EF01BB00107BEB /* LaunchScreen.storyboard */,
				AEB6C46422EF01BB00107BEB /* Info.plist */,
			);
			path = "todo-app";
			sourceTree = "<group>";
		};
		AEB6C46A22EF073B00107BEB /* View */ = {
			isa = PBXGroup;
			children = (
				AEB6C45A22EF01B900107BEB /* MainTabBarController.swift */,
				AEB6C46B22EF076100107BEB /* TodoViewController.swift */,
				AEB6C46D22EF078E00107BEB /* DoneViewController.swift */,
				AE7CE86422F326BE00C1EFE4 /* TaskViewCell.swift */,
				AE04A12A22F58EB600E3B6BB /* TaskViewController.swift */,
			);
			path = View;
			sourceTree = "<group>";
		};
		F771AA18AD78A27FB9A4E69B /* Frameworks */ = {
			isa = PBXGroup;
			children = (
				34A073B3B7DD27FB162DF033 /* Pods_todo_app.framework */,
			);
			name = Frameworks;
			sourceTree = "<group>";
		};
/* End PBXGroup section */

/* Begin PBXNativeTarget section */
		AE43E40722FB29C90073FD4E /* todo-appTests */ = {
			isa = PBXNativeTarget;
			buildConfigurationList = AE43E40F22FB29C90073FD4E /* Build configuration list for PBXNativeTarget "todo-appTests" */;
			buildPhases = (
				AE43E40422FB29C90073FD4E /* Sources */,
				AE43E40522FB29C90073FD4E /* Frameworks */,
				AE43E40622FB29C90073FD4E /* Resources */,
			);
			buildRules = (
			);
			dependencies = (
				AE43E40E22FB29C90073FD4E /* PBXTargetDependency */,
			);
			name = "todo-appTests";
			productName = "todo-appTests";
			productReference = AE43E40822FB29C90073FD4E /* todo-appTests.xctest */;
			productType = "com.apple.product-type.bundle.unit-test";
		};
		AEB6C45422EF01B900107BEB /* todo-app */ = {
			isa = PBXNativeTarget;
			buildConfigurationList = AEB6C46722EF01BB00107BEB /* Build configuration list for PBXNativeTarget "todo-app" */;
			buildPhases = (
				06860965934637172E0A4F92 /* [CP] Check Pods Manifest.lock */,
				AEB6C45122EF01B900107BEB /* Sources */,
				AEB6C45222EF01B900107BEB /* Frameworks */,
				AEB6C45322EF01B900107BEB /* Resources */,
				805535A48D8A15BD11D8D713 /* [CP] Embed Pods Frameworks */,
			);
			buildRules = (
			);
			dependencies = (
			);
			name = "todo-app";
			productName = "todo-app";
			productReference = AEB6C45522EF01B900107BEB /* todo-app.app */;
			productType = "com.apple.product-type.application";
		};
/* End PBXNativeTarget section */

/* Begin PBXProject section */
		AEB6C44D22EF01B900107BEB /* Project object */ = {
			isa = PBXProject;
			attributes = {
				LastSwiftUpdateCheck = 1030;
				LastUpgradeCheck = 1030;
				ORGANIZATIONNAME = "Panupong Kukutapan";
				TargetAttributes = {
					AE43E40722FB29C90073FD4E = {
						CreatedOnToolsVersion = 10.3;
						LastSwiftMigration = 1030;
						TestTargetID = AEB6C45422EF01B900107BEB;
					};
					AEB6C45422EF01B900107BEB = {
						CreatedOnToolsVersion = 10.3;
					};
				};
			};
			buildConfigurationList = AEB6C45022EF01B900107BEB /* Build configuration list for PBXProject "todo-app" */;
			compatibilityVersion = "Xcode 9.3";
			developmentRegion = en;
			hasScannedForEncodings = 0;
			knownRegions = (
				en,
				Base,
			);
			mainGroup = AEB6C44C22EF01B900107BEB;
			productRefGroup = AEB6C45622EF01B900107BEB /* Products */;
			projectDirPath = "";
			projectRoot = "";
			targets = (
				AEB6C45422EF01B900107BEB /* todo-app */,
				AE43E40722FB29C90073FD4E /* todo-appTests */,
			);
		};
/* End PBXProject section */

/* Begin PBXResourcesBuildPhase section */
		AE43E40622FB29C90073FD4E /* Resources */ = {
			isa = PBXResourcesBuildPhase;
			buildActionMask = 2147483647;
			files = (
			);
			runOnlyForDeploymentPostprocessing = 0;
		};
		AEB6C45322EF01B900107BEB /* Resources */ = {
			isa = PBXResourcesBuildPhase;
			buildActionMask = 2147483647;
			files = (
				AEB6C46322EF01BB00107BEB /* LaunchScreen.storyboard in Resources */,
				AEB6C46022EF01BB00107BEB /* Assets.xcassets in Resources */,
				AEB6C45E22EF01B900107BEB /* Main.storyboard in Resources */,
			);
			runOnlyForDeploymentPostprocessing = 0;
		};
/* End PBXResourcesBuildPhase section */

/* Begin PBXShellScriptBuildPhase section */
		06860965934637172E0A4F92 /* [CP] Check Pods Manifest.lock */ = {
			isa = PBXShellScriptBuildPhase;
			buildActionMask = 2147483647;
			files = (
			);
			inputFileListPaths = (
			);
			inputPaths = (
				"${PODS_PODFILE_DIR_PATH}/Podfile.lock",
				"${PODS_ROOT}/Manifest.lock",
			);
			name = "[CP] Check Pods Manifest.lock";
			outputFileListPaths = (
			);
			outputPaths = (
				"$(DERIVED_FILE_DIR)/Pods-todo-app-checkManifestLockResult.txt",
			);
			runOnlyForDeploymentPostprocessing = 0;
			shellPath = /bin/sh;
			shellScript = "diff \"${PODS_PODFILE_DIR_PATH}/Podfile.lock\" \"${PODS_ROOT}/Manifest.lock\" > /dev/null\nif [ $? != 0 ] ; then\n    # print error to STDERR\n    echo \"error: The sandbox is not in sync with the Podfile.lock. Run 'pod install' or update your CocoaPods installation.\" >&2\n    exit 1\nfi\n# This output is used by Xcode 'outputs' to avoid re-running this script phase.\necho \"SUCCESS\" > \"${SCRIPT_OUTPUT_FILE_0}\"\n";
			showEnvVarsInLog = 0;
		};
		805535A48D8A15BD11D8D713 /* [CP] Embed Pods Frameworks */ = {
			isa = PBXShellScriptBuildPhase;
			buildActionMask = 2147483647;
			files = (
			);
			inputFileListPaths = (
			);
			inputPaths = (
				"${PODS_ROOT}/Target Support Files/Pods-todo-app/Pods-todo-app-frameworks.sh",
				"${BUILT_PRODUCTS_DIR}/Realm/Realm.framework",
				"${BUILT_PRODUCTS_DIR}/RealmSwift/RealmSwift.framework",
			);
			name = "[CP] Embed Pods Frameworks";
			outputFileListPaths = (
			);
			outputPaths = (
				"${TARGET_BUILD_DIR}/${FRAMEWORKS_FOLDER_PATH}/Realm.framework",
				"${TARGET_BUILD_DIR}/${FRAMEWORKS_FOLDER_PATH}/RealmSwift.framework",
			);
			runOnlyForDeploymentPostprocessing = 0;
			shellPath = /bin/sh;
			shellScript = "\"${PODS_ROOT}/Target Support Files/Pods-todo-app/Pods-todo-app-frameworks.sh\"\n";
			showEnvVarsInLog = 0;
		};
/* End PBXShellScriptBuildPhase section */

/* Begin PBXSourcesBuildPhase section */
		AE43E40422FB29C90073FD4E /* Sources */ = {
			isa = PBXSourcesBuildPhase;
			buildActionMask = 2147483647;
			files = (
				AE17195A230022FF00B3CB54 /* TodoViewModelTest.swift in Sources */,
				AE17194F22FFFAD300B3CB54 /* TaskListTest.swift in Sources */,
			);
			runOnlyForDeploymentPostprocessing = 0;
		};
		AEB6C45122EF01B900107BEB /* Sources */ = {
			isa = PBXSourcesBuildPhase;
			buildActionMask = 2147483647;
			files = (
				AE06195422F5ECD3004285AE /* TodoViewModel.swift in Sources */,
				AEB6C46E22EF078E00107BEB /* DoneViewController.swift in Sources */,
				AE04A12B22F58EB600E3B6BB /* TaskViewController.swift in Sources */,
				AEB6C45B22EF01B900107BEB /* MainTabBarController.swift in Sources */,
				AE7CE86522F326BE00C1EFE4 /* TaskViewCell.swift in Sources */,
				AEB6C46C22EF076100107BEB /* TodoViewController.swift in Sources */,
				AE06195122F5EACD004285AE /* Task.swift in Sources */,
				AE17195122FFFBAF00B3CB54 /* TaskListViewModel.swift in Sources */,
				AEB6C45922EF01B900107BEB /* AppDelegate.swift in Sources */,
				AE04A12622F581C400E3B6BB /* Constants.swift in Sources */,
			);
			runOnlyForDeploymentPostprocessing = 0;
		};
/* End PBXSourcesBuildPhase section */

/* Begin PBXTargetDependency section */
		AE43E40E22FB29C90073FD4E /* PBXTargetDependency */ = {
			isa = PBXTargetDependency;
			target = AEB6C45422EF01B900107BEB /* todo-app */;
			targetProxy = AE43E40D22FB29C90073FD4E /* PBXContainerItemProxy */;
		};
/* End PBXTargetDependency section */

/* Begin PBXVariantGroup section */
		AEB6C45C22EF01B900107BEB /* Main.storyboard */ = {
			isa = PBXVariantGroup;
			children = (
				AEB6C45D22EF01B900107BEB /* Base */,
			);
			name = Main.storyboard;
			sourceTree = "<group>";
		};
		AEB6C46122EF01BB00107BEB /* LaunchScreen.storyboard */ = {
			isa = PBXVariantGroup;
			children = (
				AEB6C46222EF01BB00107BEB /* Base */,
			);
			name = LaunchScreen.storyboard;
			sourceTree = "<group>";
		};
/* End PBXVariantGroup section */

/* Begin XCBuildConfiguration section */
		AE43E41022FB29C90073FD4E /* Debug */ = {
			isa = XCBuildConfiguration;
			buildSettings = {
				BUNDLE_LOADER = "$(TEST_HOST)";
				CLANG_ENABLE_MODULES = YES;
				CODE_SIGN_STYLE = Automatic;
				DEVELOPMENT_TEAM = E2CA3WLEVM;
				INFOPLIST_FILE = "todo-appTests/Info.plist";
				LD_RUNPATH_SEARCH_PATHS = (
					"$(inherited)",
					"@executable_path/Frameworks",
					"@loader_path/Frameworks",
				);
				PRODUCT_BUNDLE_IDENTIFIER = "com.paku.todo-appTests";
				PRODUCT_NAME = "$(TARGET_NAME)";
				SWIFT_OPTIMIZATION_LEVEL = "-Onone";
				SWIFT_VERSION = 5.0;
				TARGETED_DEVICE_FAMILY = "1,2";
				TEST_HOST = "$(BUILT_PRODUCTS_DIR)/todo-app.app/todo-app";
			};
			name = Debug;
		};
		AE43E41122FB29C90073FD4E /* Release */ = {
			isa = XCBuildConfiguration;
			buildSettings = {
				BUNDLE_LOADER = "$(TEST_HOST)";
				CLANG_ENABLE_MODULES = YES;
				CODE_SIGN_STYLE = Automatic;
				DEVELOPMENT_TEAM = E2CA3WLEVM;
				INFOPLIST_FILE = "todo-appTests/Info.plist";
				LD_RUNPATH_SEARCH_PATHS = (
					"$(inherited)",
					"@executable_path/Frameworks",
					"@loader_path/Frameworks",
				);
				PRODUCT_BUNDLE_IDENTIFIER = "com.paku.todo-appTests";
				PRODUCT_NAME = "$(TARGET_NAME)";
				SWIFT_VERSION = 5.0;
				TARGETED_DEVICE_FAMILY = "1,2";
				TEST_HOST = "$(BUILT_PRODUCTS_DIR)/todo-app.app/todo-app";
			};
			name = Release;
		};
		AEB6C46522EF01BB00107BEB /* Debug */ = {
			isa = XCBuildConfiguration;
			buildSettings = {
				ALWAYS_SEARCH_USER_PATHS = NO;
				CLANG_ANALYZER_NONNULL = YES;
				CLANG_ANALYZER_NUMBER_OBJECT_CONVERSION = YES_AGGRESSIVE;
				CLANG_CXX_LANGUAGE_STANDARD = "gnu++14";
				CLANG_CXX_LIBRARY = "libc++";
				CLANG_ENABLE_MODULES = YES;
				CLANG_ENABLE_OBJC_ARC = YES;
				CLANG_ENABLE_OBJC_WEAK = YES;
				CLANG_WARN_BLOCK_CAPTURE_AUTORELEASING = YES;
				CLANG_WARN_BOOL_CONVERSION = YES;
				CLANG_WARN_COMMA = YES;
				CLANG_WARN_CONSTANT_CONVERSION = YES;
				CLANG_WARN_DEPRECATED_OBJC_IMPLEMENTATIONS = YES;
				CLANG_WARN_DIRECT_OBJC_ISA_USAGE = YES_ERROR;
				CLANG_WARN_DOCUMENTATION_COMMENTS = YES;
				CLANG_WARN_EMPTY_BODY = YES;
				CLANG_WARN_ENUM_CONVERSION = YES;
				CLANG_WARN_INFINITE_RECURSION = YES;
				CLANG_WARN_INT_CONVERSION = YES;
				CLANG_WARN_NON_LITERAL_NULL_CONVERSION = YES;
				CLANG_WARN_OBJC_IMPLICIT_RETAIN_SELF = YES;
				CLANG_WARN_OBJC_LITERAL_CONVERSION = YES;
				CLANG_WARN_OBJC_ROOT_CLASS = YES_ERROR;
				CLANG_WARN_RANGE_LOOP_ANALYSIS = YES;
				CLANG_WARN_STRICT_PROTOTYPES = YES;
				CLANG_WARN_SUSPICIOUS_MOVE = YES;
				CLANG_WARN_UNGUARDED_AVAILABILITY = YES_AGGRESSIVE;
				CLANG_WARN_UNREACHABLE_CODE = YES;
				CLANG_WARN__DUPLICATE_METHOD_MATCH = YES;
				CODE_SIGN_IDENTITY = "iPhone Developer";
				COPY_PHASE_STRIP = NO;
				DEBUG_INFORMATION_FORMAT = dwarf;
				ENABLE_STRICT_OBJC_MSGSEND = YES;
				ENABLE_TESTABILITY = YES;
				GCC_C_LANGUAGE_STANDARD = gnu11;
				GCC_DYNAMIC_NO_PIC = NO;
				GCC_NO_COMMON_BLOCKS = YES;
				GCC_OPTIMIZATION_LEVEL = 0;
				GCC_PREPROCESSOR_DEFINITIONS = (
					"DEBUG=1",
					"$(inherited)",
				);
				GCC_WARN_64_TO_32_BIT_CONVERSION = YES;
				GCC_WARN_ABOUT_RETURN_TYPE = YES_ERROR;
				GCC_WARN_UNDECLARED_SELECTOR = YES;
				GCC_WARN_UNINITIALIZED_AUTOS = YES_AGGRESSIVE;
				GCC_WARN_UNUSED_FUNCTION = YES;
				GCC_WARN_UNUSED_VARIABLE = YES;
				IPHONEOS_DEPLOYMENT_TARGET = 12.4;
				MTL_ENABLE_DEBUG_INFO = INCLUDE_SOURCE;
				MTL_FAST_MATH = YES;
				ONLY_ACTIVE_ARCH = YES;
				SDKROOT = iphoneos;
				SWIFT_ACTIVE_COMPILATION_CONDITIONS = DEBUG;
				SWIFT_OPTIMIZATION_LEVEL = "-Onone";
			};
			name = Debug;
		};
		AEB6C46622EF01BB00107BEB /* Release */ = {
			isa = XCBuildConfiguration;
			buildSettings = {
				ALWAYS_SEARCH_USER_PATHS = NO;
				CLANG_ANALYZER_NONNULL = YES;
				CLANG_ANALYZER_NUMBER_OBJECT_CONVERSION = YES_AGGRESSIVE;
				CLANG_CXX_LANGUAGE_STANDARD = "gnu++14";
				CLANG_CXX_LIBRARY = "libc++";
				CLANG_ENABLE_MODULES = YES;
				CLANG_ENABLE_OBJC_ARC = YES;
				CLANG_ENABLE_OBJC_WEAK = YES;
				CLANG_WARN_BLOCK_CAPTURE_AUTORELEASING = YES;
				CLANG_WARN_BOOL_CONVERSION = YES;
				CLANG_WARN_COMMA = YES;
				CLANG_WARN_CONSTANT_CONVERSION = YES;
				CLANG_WARN_DEPRECATED_OBJC_IMPLEMENTATIONS = YES;
				CLANG_WARN_DIRECT_OBJC_ISA_USAGE = YES_ERROR;
				CLANG_WARN_DOCUMENTATION_COMMENTS = YES;
				CLANG_WARN_EMPTY_BODY = YES;
				CLANG_WARN_ENUM_CONVERSION = YES;
				CLANG_WARN_INFINITE_RECURSION = YES;
				CLANG_WARN_INT_CONVERSION = YES;
				CLANG_WARN_NON_LITERAL_NULL_CONVERSION = YES;
				CLANG_WARN_OBJC_IMPLICIT_RETAIN_SELF = YES;
				CLANG_WARN_OBJC_LITERAL_CONVERSION = YES;
				CLANG_WARN_OBJC_ROOT_CLASS = YES_ERROR;
				CLANG_WARN_RANGE_LOOP_ANALYSIS = YES;
				CLANG_WARN_STRICT_PROTOTYPES = YES;
				CLANG_WARN_SUSPICIOUS_MOVE = YES;
				CLANG_WARN_UNGUARDED_AVAILABILITY = YES_AGGRESSIVE;
				CLANG_WARN_UNREACHABLE_CODE = YES;
				CLANG_WARN__DUPLICATE_METHOD_MATCH = YES;
				CODE_SIGN_IDENTITY = "iPhone Developer";
				COPY_PHASE_STRIP = NO;
				DEBUG_INFORMATION_FORMAT = "dwarf-with-dsym";
				ENABLE_NS_ASSERTIONS = NO;
				ENABLE_STRICT_OBJC_MSGSEND = YES;
				GCC_C_LANGUAGE_STANDARD = gnu11;
				GCC_NO_COMMON_BLOCKS = YES;
				GCC_WARN_64_TO_32_BIT_CONVERSION = YES;
				GCC_WARN_ABOUT_RETURN_TYPE = YES_ERROR;
				GCC_WARN_UNDECLARED_SELECTOR = YES;
				GCC_WARN_UNINITIALIZED_AUTOS = YES_AGGRESSIVE;
				GCC_WARN_UNUSED_FUNCTION = YES;
				GCC_WARN_UNUSED_VARIABLE = YES;
				IPHONEOS_DEPLOYMENT_TARGET = 12.4;
				MTL_ENABLE_DEBUG_INFO = NO;
				MTL_FAST_MATH = YES;
				SDKROOT = iphoneos;
				SWIFT_COMPILATION_MODE = wholemodule;
				SWIFT_OPTIMIZATION_LEVEL = "-O";
				VALIDATE_PRODUCT = YES;
			};
			name = Release;
		};
		AEB6C46822EF01BB00107BEB /* Debug */ = {
			isa = XCBuildConfiguration;
			baseConfigurationReference = C8BA0A195D86B6109D73D867 /* Pods-todo-app.debug.xcconfig */;
			buildSettings = {
				ASSETCATALOG_COMPILER_APPICON_NAME = AppIcon;
				CODE_SIGN_STYLE = Automatic;
				DEVELOPMENT_TEAM = E2CA3WLEVM;
				INFOPLIST_FILE = "todo-app/Info.plist";
				LD_RUNPATH_SEARCH_PATHS = (
					"$(inherited)",
					"@executable_path/Frameworks",
				);
				PRODUCT_BUNDLE_IDENTIFIER = "com.paku.todo-app";
				PRODUCT_NAME = "$(TARGET_NAME)";
				SWIFT_VERSION = 5.0;
				TARGETED_DEVICE_FAMILY = "1,2";
			};
			name = Debug;
		};
		AEB6C46922EF01BB00107BEB /* Release */ = {
			isa = XCBuildConfiguration;
			baseConfigurationReference = 20D7E8D7962C35E0708083C1 /* Pods-todo-app.release.xcconfig */;
			buildSettings = {
				ASSETCATALOG_COMPILER_APPICON_NAME = AppIcon;
				CODE_SIGN_STYLE = Automatic;
				DEVELOPMENT_TEAM = E2CA3WLEVM;
				INFOPLIST_FILE = "todo-app/Info.plist";
				LD_RUNPATH_SEARCH_PATHS = (
					"$(inherited)",
					"@executable_path/Frameworks",
				);
				PRODUCT_BUNDLE_IDENTIFIER = "com.paku.todo-app";
				PRODUCT_NAME = "$(TARGET_NAME)";
				SWIFT_VERSION = 5.0;
				TARGETED_DEVICE_FAMILY = "1,2";
			};
			name = Release;
		};
/* End XCBuildConfiguration section */

/* Begin XCConfigurationList section */
		AE43E40F22FB29C90073FD4E /* Build configuration list for PBXNativeTarget "todo-appTests" */ = {
			isa = XCConfigurationList;
			buildConfigurations = (
				AE43E41022FB29C90073FD4E /* Debug */,
				AE43E41122FB29C90073FD4E /* Release */,
			);
			defaultConfigurationIsVisible = 0;
			defaultConfigurationName = Release;
		};
		AEB6C45022EF01B900107BEB /* Build configuration list for PBXProject "todo-app" */ = {
			isa = XCConfigurationList;
			buildConfigurations = (
				AEB6C46522EF01BB00107BEB /* Debug */,
				AEB6C46622EF01BB00107BEB /* Release */,
			);
			defaultConfigurationIsVisible = 0;
			defaultConfigurationName = Release;
		};
		AEB6C46722EF01BB00107BEB /* Build configuration list for PBXNativeTarget "todo-app" */ = {
			isa = XCConfigurationList;
			buildConfigurations = (
				AEB6C46822EF01BB00107BEB /* Debug */,
				AEB6C46922EF01BB00107BEB /* Release */,
			);
			defaultConfigurationIsVisible = 0;
			defaultConfigurationName = Release;
		};
/* End XCConfigurationList section */
	};
	rootObject = AEB6C44D22EF01B900107BEB /* Project object */;
}
